
Microsoft Visual Studio Solution File, Format Version 12.00
# Visual Studio 15
VisualStudioVersion = 15.0.27130.2036
MinimumVisualStudioVersion = 10.0.40219.1
Project("{8BC9CEB8-8B4A-11D0-8D11-00A0C91BC942}") = "BVTest", "BVTest\BVTest.vcxproj", "{A648DC88-446B-46DD-B9D1-41F0915AACA0}"
EndProject
Global
	GlobalSection(SolutionConfigurationPlatforms) = preSolution
		Debug|x64 = Debug|x64
		Debug|x86 = Debug|x86
		Release|x64 = Release|x64
		Release|x86 = Release|x86
	EndGlobalSection
	GlobalSection(ProjectConfigurationPlatforms) = postSolution
		{A648DC88-446B-46DD-B9D1-41F0915AACA0}.Debug|x64.ActiveCfg = Debug|x64
		{A648DC88-446B-46DD-B9D1-41F0915AACA0}.Debug|x64.Build.0 = Debug|x64
		{A648DC88-446B-46DD-B9D1-41F0915AACA0}.Debug|x86.ActiveCfg = Debug|Win32
		{A648DC88-446B-46DD-B9D1-41F0915AACA0}.Debug|x86.Build.0 = Debug|Win32
		{A648DC88-446B-46DD-B9D1-41F0915AACA0}.Release|x64.ActiveCfg = Release|x64
		{A648DC88-446B-46DD-B9D1-41F0915AACA0}.Release|x64.Build.0 = Release|x64
		{A648DC88-446B-46DD-B9D1-41F0915AACA0}.Release|x86.ActiveCfg = Release|Win32
		{A648DC88-446B-46DD-B9D1-41F0915AACA0}.Release|x86.Build.0 = Release|Win32
	EndGlobalSection
	GlobalSection(SolutionProperties) = preSolution
		HideSolutionNode = FALSE
	EndGlobalSection
	GlobalSection(ExtensibilityGlobals) = postSolution
		SolutionGuid = {3582C453-674A-4098-982B-C1A37D752C6F}
	EndGlobalSection
EndGlobal
