<?xml version="1.0" encoding="utf-8"?>
<Project ToolsVersion="4.0" xmlns="http://schemas.microsoft.com/developer/msbuild/2003">
  <ItemGroup>
    <Filter Include="Source Files">
      <UniqueIdentifier>{4FC737F1-C7A5-4376-A066-2A32D752A2FF}</UniqueIdentifier>
      <Extensions>cpp;c;cc;cxx;def;odl;idl;hpj;bat;asm;asmx</Extensions>
    </Filter>
    <Filter Include="Header Files">
      <UniqueIdentifier>{93995380-89BD-4b04-88EB-625FBE52EBFB}</UniqueIdentifier>
      <Extensions>h;hh;hpp;hxx;hm;inl;inc;xsd</Extensions>
    </Filter>
    <Filter Include="Header Files\Resource Files">
      <UniqueIdentifier>{67DA6AB6-F800-4c08-8B7A-83BB121AAD01}</UniqueIdentifier>
      <Extensions>rc;ico;cur;bmp;dlg;rc2;rct;bin;rgs;gif;jpg;jpeg;jpe;resx;tiff;tif;png;wav;mfcribbon-ms</Extensions>
    </Filter>
  </ItemGroup>
  <ItemGroup>
    <ClInclude Include="stdafx.h">
      <Filter>Header Files</Filter>
    </ClInclude>
    <ClInclude Include="targetver.h">
      <Filter>Header Files</Filter>
    </ClInclude>
    <ClInclude Include="webgraph.hpp">
      <Filter>Header Files</Filter>
    </ClInclude>
    <ClInclude Include="fast.hpp">
      <Filter>Header Files</Filter>
    </ClInclude>
    <ClInclude Include="compression_flags.hpp">
      <Filter>Header Files</Filter>
    </ClInclude>
    <ClInclude Include="empty_iterator.hpp">
      <Filter>Header Files</Filter>
    </ClInclude>
    <ClInclude Include="interval_sequence_iterator.hpp">
      <Filter>Header Files</Filter>
    </ClInclude>
    <ClInclude Include="iterator_wrappers.hpp">
      <Filter>Header Files</Filter>
    </ClInclude>
    <ClInclude Include="masked_iterator.hpp">
      <Filter>Header Files</Filter>
    </ClInclude>
    <ClInclude Include="merged_iterator.hpp">
      <Filter>Header Files</Filter>
    </ClInclude>
    <ClInclude Include="residual_iterator.hpp">
      <Filter>Header Files</Filter>
    </ClInclude>
    <ClInclude Include="utility_iterator_base.hpp">
      <Filter>Header Files</Filter>
    </ClInclude>
    <ClInclude Include="input_bitstream.hpp">
      <Filter>Header Files</Filter>
    </ClInclude>
    <ClInclude Include="output_bitstream.hpp">
      <Filter>Header Files</Filter>
    </ClInclude>
    <ClInclude Include="edge.hpp">
      <Filter>Header Files</Filter>
    </ClInclude>
    <ClInclude Include="offline_edge_iterator.hpp">
      <Filter>Header Files</Filter>
    </ClInclude>
    <ClInclude Include="offline_graph.hpp">
      <Filter>Header Files</Filter>
    </ClInclude>
    <ClInclude Include="offline_graph_boost.hpp">
      <Filter>Header Files</Filter>
    </ClInclude>
    <ClInclude Include="offline_vertex_iterator.hpp">
      <Filter>Header Files</Filter>
    </ClInclude>
    <ClInclude Include="vertex.hpp">
      <Filter>Header Files</Filter>
    </ClInclude>
    <ClInclude Include="logger.hpp">
      <Filter>Header Files</Filter>
    </ClInclude>
    <ClInclude Include="singleton_resource_manager.hpp">
      <Filter>Header Files</Filter>
    </ClInclude>
    <ClInclude Include="webgraph_vertex.hpp">
      <Filter>Header Files</Filter>
    </ClInclude>
    <ClInclude Include="properties.hpp">
      <Filter>Header Files</Filter>
    </ClInclude>
    <ClInclude Include="collection_wrappers.hpp">
      <Filter>Header Files</Filter>
    </ClInclude>
    <ClInclude Include="debug_obitstream.hpp">
      <Filter>Header Files</Filter>
    </ClInclude>
    <ClInclude Include="node_iterator.hpp">
      <Filter>Header Files</Filter>
    </ClInclude>
    <ClInclude Include="types.hpp">
      <Filter>Header Files</Filter>
    </ClInclude>
    <ClInclude Include="UndirectedGraph.h">
      <Filter>Header Files</Filter>
    </ClInclude>
    <ClInclude Include="DirectedGraph.h">
      <Filter>Header Files</Filter>
    </ClInclude>
    <ClInclude Include="Order.h">
      <Filter>Header Files</Filter>
    </ClInclude>
    <ClInclude Include="Module.h">
      <Filter>Header Files</Filter>
    </ClInclude>
    <ClInclude Include="SuperGraph.h">
      <Filter>Header Files</Filter>
    </ClInclude>
    <ClInclude Include="MoteurOrdre.h">
      <Filter>Header Files</Filter>
    </ClInclude>
    <ClInclude Include="CompressAgregation.h">
      <Filter>Header Files</Filter>
    </ClInclude>
    <ClInclude Include="Moteur2.h">
      <Filter>Header Files</Filter>
    </ClInclude>
    <ClInclude Include="TextTable.h">
      <Filter>Header Files</Filter>
    </ClInclude>
    <ClInclude Include="motorpar.h">
      <Filter>Header Files</Filter>
    </ClInclude>
    <ClInclude Include="resource.h">
      <Filter>Header Files</Filter>
    </ClInclude>
    <ClInclude Include="motorK2_trees.h">
      <Filter>Header Files</Filter>
    </ClInclude>
    <ClInclude Include="k2_Trees.hpp">
      <Filter>Header Files</Filter>
    </ClInclude>
    <ClInclude Include="Ik2_trees.hpp">
      <Filter>Header Files</Filter>
    </ClInclude>
    <ClInclude Include="DynamicGraph.h">
      <Filter>Header Files</Filter>
    </ClInclude>
    <ClInclude Include="..\..\Snap\snap-core\Snap.h">
      <Filter>Header Files</Filter>
    </ClInclude>
    <ClInclude Include="gcupm.h">
      <Filter>Header Files</Filter>
    </ClInclude>
    <ClInclude Include="motor_pattern_extraction.h">
      <Filter>Header Files</Filter>
    </ClInclude>
    <ClInclude Include="helpfunctions.h">
      <Filter>Header Files</Filter>
    </ClInclude>
    <ClInclude Include="listAdjacence.h">
      <Filter>Header Files</Filter>
    </ClInclude>
    <ClInclude Include="subdue\Tester.hpp">
      <Filter>Header Files</Filter>
    </ClInclude>
    <ClInclude Include="subdue\AvlAllocator.hpp">
      <Filter>Header Files</Filter>
    </ClInclude>
    <ClInclude Include="subdue\AvlNode.hpp">
      <Filter>Header Files</Filter>
    </ClInclude>
    <ClInclude Include="subdue\AvlTable.hpp">
      <Filter>Header Files</Filter>
    </ClInclude>
    <ClInclude Include="subdue\AvlTableNode.hpp">
      <Filter>Header Files</Filter>
    </ClInclude>
    <ClInclude Include="subdue\AvlTraverser.hpp">
      <Filter>Header Files</Filter>
    </ClInclude>
    <ClInclude Include="subdue\AvlTreeList.hpp">
      <Filter>Header Files</Filter>
    </ClInclude>
    <ClInclude Include="subdue\Compressor.hpp">
      <Filter>Header Files</Filter>
    </ClInclude>
    <ClInclude Include="subdue\Discoverer.hpp">
      <Filter>Header Files</Filter>
    </ClInclude>
    <ClInclude Include="subdue\GraphWriter.hpp">
      <Filter>Header Files</Filter>
    </ClInclude>
    <ClInclude Include="subdue\Increment.hpp">
      <Filter>Header Files</Filter>
    </ClInclude>
    <ClInclude Include="subdue\IncrementList.hpp">
      <Filter>Header Files</Filter>
    </ClInclude>
    <ClInclude Include="subdue\IncrementListNode.hpp">
      <Filter>Header Files</Filter>
    </ClInclude>
    <ClInclude Include="subdue\Instance.hpp">
      <Filter>Header Files</Filter>
    </ClInclude>
    <ClInclude Include="subdue\InstanceList.hpp">
      <Filter>Header Files</Filter>
    </ClInclude>
    <ClInclude Include="subdue\InstanceListNode.hpp">
      <Filter>Header Files</Filter>
    </ClInclude>
    <ClInclude Include="subdue\InstanceVertexList.hpp">
      <Filter>Header Files</Filter>
    </ClInclude>
    <ClInclude Include="subdue\Label.hpp">
      <Filter>Header Files</Filter>
    </ClInclude>
    <ClInclude Include="subdue\LabeledEdge.hpp">
      <Filter>Header Files</Filter>
    </ClInclude>
    <ClInclude Include="subdue\LabeledGraph.hpp">
      <Filter>Header Files</Filter>
    </ClInclude>
    <ClInclude Include="subdue\LabeledVertex.hpp">
      <Filter>Header Files</Filter>
    </ClInclude>
    <ClInclude Include="subdue\LabelList.hpp">
      <Filter>Header Files</Filter>
    </ClInclude>
    <ClInclude Include="subdue\Labval.hpp">
      <Filter>Header Files</Filter>
    </ClInclude>
    <ClInclude Include="subdue\List.hpp">
      <Filter>Header Files</Filter>
    </ClInclude>
    <ClInclude Include="subdue\ListNode.hpp">
      <Filter>Header Files</Filter>
    </ClInclude>
    <ClInclude Include="subdue\MatchHeap.hpp">
      <Filter>Header Files</Filter>
    </ClInclude>
    <ClInclude Include="subdue\MatchHeapNode.hpp">
      <Filter>Header Files</Filter>
    </ClInclude>
    <ClInclude Include="subdue\mdl_main.hpp">
      <Filter>Header Files</Filter>
    </ClInclude>
    <ClInclude Include="subdue\Params.hpp">
      <Filter>Header Files</Filter>
    </ClInclude>
    <ClInclude Include="subdue\ReferenceEdge.hpp">
      <Filter>Header Files</Filter>
    </ClInclude>
    <ClInclude Include="subdue\ReferenceGraph.hpp">
      <Filter>Header Files</Filter>
    </ClInclude>
    <ClInclude Include="subdue\ReferenceVertex.hpp">
      <Filter>Header Files</Filter>
    </ClInclude>
    <ClInclude Include="subdue\RefInstanceList.hpp">
      <Filter>Header Files</Filter>
    </ClInclude>
    <ClInclude Include="subdue\RefInstanceListNode.hpp">
      <Filter>Header Files</Filter>
    </ClInclude>
    <ClInclude Include="subdue\Subdue.hpp">
      <Filter>Header Files</Filter>
    </ClInclude>
    <ClInclude Include="subdue\SubList.hpp">
      <Filter>Header Files</Filter>
    </ClInclude>
    <ClInclude Include="subdue\SubListNode.hpp">
      <Filter>Header Files</Filter>
    </ClInclude>
    <ClInclude Include="subdue\Substructure.hpp">
      <Filter>Header Files</Filter>
    </ClInclude>
    <ClInclude Include="subdue\Tester_main.hpp">
      <Filter>Header Files</Filter>
    </ClInclude>
    <ClInclude Include="subdue\utility.hpp">
      <Filter>Header Files</Filter>
    </ClInclude>
    <ClInclude Include="subdue\VertexMap.hpp">
      <Filter>Header Files</Filter>
    </ClInclude>
  </ItemGroup>
  <ItemGroup>
    <ClCompile Include="stdafx.cpp">
      <Filter>Source Files</Filter>
    </ClCompile>
    <ClCompile Include="BVTest.cpp">
      <Filter>Source Files</Filter>
    </ClCompile>
    <ClCompile Include="webgraph.cpp">
      <Filter>Source Files</Filter>
    </ClCompile>
    <ClCompile Include="fast.cpp">
      <Filter>Source Files</Filter>
    </ClCompile>
    <ClCompile Include="compression_flags.cpp">
      <Filter>Source Files</Filter>
    </ClCompile>
    <ClCompile Include="input_bitstream.cpp">
      <Filter>Source Files</Filter>
    </ClCompile>
    <ClCompile Include="output_bitstream.cpp">
      <Filter>Source Files</Filter>
    </ClCompile>
    <ClCompile Include="edge.cpp">
      <Filter>Source Files</Filter>
    </ClCompile>
    <ClCompile Include="offline_edge_iterator.cpp">
      <Filter>Source Files</Filter>
    </ClCompile>
    <ClCompile Include="offline_graph.cpp">
      <Filter>Source Files</Filter>
    </ClCompile>
    <ClCompile Include="offline_vertex_iterator.cpp">
      <Filter>Source Files</Filter>
    </ClCompile>
    <ClCompile Include="vertex.cpp">
      <Filter>Source Files</Filter>
    </ClCompile>
    <ClCompile Include="logger.cpp">
      <Filter>Source Files</Filter>
    </ClCompile>
    <ClCompile Include="webgraph_vertex.cpp">
      <Filter>Source Files</Filter>
    </ClCompile>
    <ClCompile Include="properties.cpp">
      <Filter>Source Files</Filter>
    </ClCompile>
    <ClCompile Include="node_iterator.cpp">
      <Filter>Source Files</Filter>
    </ClCompile>
    <ClCompile Include="UndirectedGraph.cpp">
      <Filter>Source Files</Filter>
    </ClCompile>
    <ClCompile Include="DirectedGraph.cpp">
      <Filter>Source Files</Filter>
    </ClCompile>
    <ClCompile Include="SuperGraph.cpp">
      <Filter>Source Files</Filter>
    </ClCompile>
    <ClCompile Include="motorK2_trees.cpp">
      <Filter>Source Files</Filter>
    </ClCompile>
    <ClCompile Include="k2_Trees.cpp">
      <Filter>Source Files</Filter>
    </ClCompile>
    <ClCompile Include="Ik2_trees.cpp">
      <Filter>Source Files</Filter>
    </ClCompile>
    <ClCompile Include="DynamicGraph.cpp">
      <Filter>Source Files</Filter>
    </ClCompile>
    <ClCompile Include="..\..\Snap\snap-core\Snap.cpp">
      <Filter>Source Files</Filter>
    </ClCompile>
    <ClCompile Include="gcupm.cpp">
      <Filter>Source Files</Filter>
    </ClCompile>
    <ClCompile Include="motor_pattern_extraction.cpp">
      <Filter>Source Files</Filter>
    </ClCompile>
    <ClCompile Include="helpfunctions.cpp">
      <Filter>Source Files</Filter>
    </ClCompile>
    <ClCompile Include="listAdjacence.cpp">
      <Filter>Source Files</Filter>
    </ClCompile>
    <ClCompile Include="subdue\AvlAllocator.cpp">
      <Filter>Source Files</Filter>
    </ClCompile>
    <ClCompile Include="subdue\AvlNode.cpp">
      <Filter>Source Files</Filter>
    </ClCompile>
    <ClCompile Include="subdue\AvlTable.cpp">
      <Filter>Source Files</Filter>
    </ClCompile>
    <ClCompile Include="subdue\AvlTableNode.cpp">
      <Filter>Source Files</Filter>
    </ClCompile>
    <ClCompile Include="subdue\AvlTraverser.cpp">
      <Filter>Source Files</Filter>
    </ClCompile>
    <ClCompile Include="subdue\AvlTreeList.cpp">
      <Filter>Source Files</Filter>
    </ClCompile>
    <ClCompile Include="subdue\Compressor.cpp">
      <Filter>Source Files</Filter>
    </ClCompile>
    <ClCompile Include="subdue\Discoverer.cpp">
      <Filter>Source Files</Filter>
    </ClCompile>
    <ClCompile Include="subdue\GraphWriter.cpp">
      <Filter>Source Files</Filter>
    </ClCompile>
    <ClCompile Include="subdue\Increment.cpp">
      <Filter>Source Files</Filter>
    </ClCompile>
    <ClCompile Include="subdue\IncrementList.cpp">
      <Filter>Source Files</Filter>
    </ClCompile>
    <ClCompile Include="subdue\IncrementListNode.cpp">
      <Filter>Source Files</Filter>
    </ClCompile>
    <ClCompile Include="subdue\Instance.cpp">
      <Filter>Source Files</Filter>
    </ClCompile>
    <ClCompile Include="subdue\InstanceList.cpp">
      <Filter>Source Files</Filter>
    </ClCompile>
    <ClCompile Include="subdue\InstanceListNode.cpp">
      <Filter>Source Files</Filter>
    </ClCompile>
    <ClCompile Include="subdue\InstanceVertexList.cpp">
      <Filter>Source Files</Filter>
    </ClCompile>
    <ClCompile Include="subdue\Label.cpp">
      <Filter>Source Files</Filter>
    </ClCompile>
    <ClCompile Include="subdue\LabeledEdge.cpp">
      <Filter>Source Files</Filter>
    </ClCompile>
    <ClCompile Include="subdue\LabeledGraph.cpp">
      <Filter>Source Files</Filter>
    </ClCompile>
    <ClCompile Include="subdue\LabeledVertex.cpp">
      <Filter>Source Files</Filter>
    </ClCompile>
    <ClCompile Include="subdue\LabelList.cpp">
      <Filter>Source Files</Filter>
    </ClCompile>
    <ClCompile Include="subdue\Labval.cpp">
      <Filter>Source Files</Filter>
    </ClCompile>
    <ClCompile Include="subdue\List.cpp">
      <Filter>Source Files</Filter>
    </ClCompile>
    <ClCompile Include="subdue\ListNode.cpp">
      <Filter>Source Files</Filter>
    </ClCompile>
    <ClCompile Include="subdue\MatchHeap.cpp">
      <Filter>Source Files</Filter>
    </ClCompile>
    <ClCompile Include="subdue\MatchHeapNode.cpp">
      <Filter>Source Files</Filter>
    </ClCompile>
    <ClCompile Include="subdue\mdl_main.cpp">
      <Filter>Source Files</Filter>
    </ClCompile>
    <ClCompile Include="subdue\Params.cpp">
      <Filter>Source Files</Filter>
    </ClCompile>
    <ClCompile Include="subdue\ReferenceEdge.cpp">
      <Filter>Source Files</Filter>
    </ClCompile>
    <ClCompile Include="subdue\ReferenceGraph.cpp">
      <Filter>Source Files</Filter>
    </ClCompile>
    <ClCompile Include="subdue\ReferenceVertex.cpp">
      <Filter>Source Files</Filter>
    </ClCompile>
    <ClCompile Include="subdue\RefInstanceList.cpp">
      <Filter>Source Files</Filter>
    </ClCompile>
    <ClCompile Include="subdue\RefInstanceListNode.cpp">
      <Filter>Source Files</Filter>
    </ClCompile>
    <ClCompile Include="subdue\Subdue.cpp">
      <Filter>Source Files</Filter>
    </ClCompile>
    <ClCompile Include="subdue\SubList.cpp">
      <Filter>Source Files</Filter>
    </ClCompile>
    <ClCompile Include="subdue\SubListNode.cpp">
      <Filter>Source Files</Filter>
    </ClCompile>
    <ClCompile Include="subdue\Substructure.cpp">
      <Filter>Source Files</Filter>
    </ClCompile>
    <ClCompile Include="subdue\Tester.cpp">
      <Filter>Source Files</Filter>
    </ClCompile>
    <ClCompile Include="subdue\Tester_main.cpp">
      <Filter>Source Files</Filter>
    </ClCompile>
    <ClCompile Include="subdue\VertexMap.cpp">
      <Filter>Source Files</Filter>
    </ClCompile>
  </ItemGroup>
  <ItemGroup>
    <ResourceCompile Include="BVTest.rc">
      <Filter>Header Files\Resource Files</Filter>
    </ResourceCompile>
  </ItemGroup>
  <ItemGroup>
    <None Include="ClassDiagram.cd" />
  </ItemGroup>
  <ItemGroup>
    <Text Include="subdue\CMakeLists.txt" />
  </ItemGroup>
</Project>